
Microsoft Visual Studio Solution File, Format Version 12.00
# Visual Studio Version 16
VisualStudioVersion = 16.0.31729.503
MinimumVisualStudioVersion = 10.0.40219.1
Project("{FAE04EC0-301F-11D3-BF4B-00C04F79EFBC}") = "ConsoleApp", "ConsoleApp\ConsoleApp.csproj", "{7C629169-0F22-4E39-B54C-3941DC017C0E}"
EndProject
Project("{FAE04EC0-301F-11D3-BF4B-00C04F79EFBC}") = "Utilities", "Utilities\Utilities.csproj", "{171B11FE-3CD1-4C05-8CC6-21BFDCA35ED5}"
EndProject
Project("{FAE04EC0-301F-11D3-BF4B-00C04F79EFBC}") = "Entities", "Entities\Entities.csproj", "{FC84EE33-564A-4853-AEB7-1FEFCE29DE40}"
EndProject
Project("{FAE04EC0-301F-11D3-BF4B-00C04F79EFBC}") = "DataAccess", "DataAccess\DataAccess.csproj", "{84691C95-308F-4135-8A17-3CA27EF54D2A}"
EndProject
Project("{FAE04EC0-301F-11D3-BF4B-00C04F79EFBC}") = "Business", "Business\Business.csproj", "{51233E29-B84A-43D2-A703-5DCD6F563735}"
EndProject
Global
	GlobalSection(SolutionConfigurationPlatforms) = preSolution
		Debug|Any CPU = Debug|Any CPU
		Release|Any CPU = Release|Any CPU
	EndGlobalSection
	GlobalSection(ProjectConfigurationPlatforms) = postSolution
		{7C629169-0F22-4E39-B54C-3941DC017C0E}.Debug|Any CPU.ActiveCfg = Debug|Any CPU
		{7C629169-0F22-4E39-B54C-3941DC017C0E}.Debug|Any CPU.Build.0 = Debug|Any CPU
		{7C629169-0F22-4E39-B54C-3941DC017C0E}.Release|Any CPU.ActiveCfg = Release|Any CPU
		{7C629169-0F22-4E39-B54C-3941DC017C0E}.Release|Any CPU.Build.0 = Release|Any CPU
		{171B11FE-3CD1-4C05-8CC6-21BFDCA35ED5}.Debug|Any CPU.ActiveCfg = Debug|Any CPU
		{171B11FE-3CD1-4C05-8CC6-21BFDCA35ED5}.Debug|Any CPU.Build.0 = Debug|Any CPU
		{171B11FE-3CD1-4C05-8CC6-21BFDCA35ED5}.Release|Any CPU.ActiveCfg = Release|Any CPU
		{171B11FE-3CD1-4C05-8CC6-21BFDCA35ED5}.Release|Any CPU.Build.0 = Release|Any CPU
		{FC84EE33-564A-4853-AEB7-1FEFCE29DE40}.Debug|Any CPU.ActiveCfg = Debug|Any CPU
		{FC84EE33-564A-4853-AEB7-1FEFCE29DE40}.Debug|Any CPU.Build.0 = Debug|Any CPU
		{FC84EE33-564A-4853-AEB7-1FEFCE29DE40}.Release|Any CPU.ActiveCfg = Release|Any CPU
		{FC84EE33-564A-4853-AEB7-1FEFCE29DE40}.Release|Any CPU.Build.0 = Release|Any CPU
		{84691C95-308F-4135-8A17-3CA27EF54D2A}.Debug|Any CPU.ActiveCfg = Debug|Any CPU
		{84691C95-308F-4135-8A17-3CA27EF54D2A}.Debug|Any CPU.Build.0 = Debug|Any CPU
		{84691C95-308F-4135-8A17-3CA27EF54D2A}.Release|Any CPU.ActiveCfg = Release|Any CPU
		{84691C95-308F-4135-8A17-3CA27EF54D2A}.Release|Any CPU.Build.0 = Release|Any CPU
		{51233E29-B84A-43D2-A703-5DCD6F563735}.Debug|Any CPU.ActiveCfg = Debug|Any CPU
		{51233E29-B84A-43D2-A703-5DCD6F563735}.Debug|Any CPU.Build.0 = Debug|Any CPU
		{51233E29-B84A-43D2-A703-5DCD6F563735}.Release|Any CPU.ActiveCfg = Release|Any CPU
		{51233E29-B84A-43D2-A703-5DCD6F563735}.Release|Any CPU.Build.0 = Release|Any CPU
	EndGlobalSection
	GlobalSection(SolutionProperties) = preSolution
		HideSolutionNode = FALSE
	EndGlobalSection
	GlobalSection(ExtensibilityGlobals) = postSolution
		SolutionGuid = {058BDAC9-6000-45F4-A16E-ADF673DDC73C}
	EndGlobalSection
EndGlobal
